
Microsoft Visual Studio Solution File, Format Version 12.00
# Visual Studio 15
VisualStudioVersion = 15.0.28307.1433
MinimumVisualStudioVersion = 10.0.40219.1
Project("{FAE04EC0-301F-11D3-BF4B-00C04F79EFBC}") = "ProjectQuiz", "ProjectQuiz\ProjectQuiz.csproj", "{D44E0DA0-144F-4DE2-A8DE-B3DC0B59CCDC}"
EndProject
Global
	GlobalSection(SolutionConfigurationPlatforms) = preSolution
		Debug|Any CPU = Debug|Any CPU
		Release|Any CPU = Release|Any CPU
	EndGlobalSection
	GlobalSection(ProjectConfigurationPlatforms) = postSolution
		{D44E0DA0-144F-4DE2-A8DE-B3DC0B59CCDC}.Debug|Any CPU.ActiveCfg = Debug|Any CPU
		{D44E0DA0-144F-4DE2-A8DE-B3DC0B59CCDC}.Debug|Any CPU.Build.0 = Debug|Any CPU
		{D44E0DA0-144F-4DE2-A8DE-B3DC0B59CCDC}.Release|Any CPU.ActiveCfg = Release|Any CPU
		{D44E0DA0-144F-4DE2-A8DE-B3DC0B59CCDC}.Release|Any CPU.Build.0 = Release|Any CPU
	EndGlobalSection
	GlobalSection(SolutionProperties) = preSolution
		HideSolutionNode = FALSE
	EndGlobalSection
	GlobalSection(ExtensibilityGlobals) = postSolution
		SolutionGuid = {3729844C-278D-4EE6-840B-ADBF4A04A486}
	EndGlobalSection
EndGlobal
